
Microsoft Visual Studio Solution File, Format Version 12.00
# Visual Studio Version 16
VisualStudioVersion = 16.0.28922.388
MinimumVisualStudioVersion = 10.0.40219.1
Project("{FAE04EC0-301F-11D3-BF4B-00C04F79EFBC}") = "WpfDemoSolution", "WpfDemoSolution\WpfDemoSolution.csproj", "{2C46CF0B-34B9-4544-9969-9E79D69AB081}"
EndProject
Global
	GlobalSection(SolutionConfigurationPlatforms) = preSolution
		Debug|Any CPU = Debug|Any CPU
		Release|Any CPU = Release|Any CPU
	EndGlobalSection
	GlobalSection(ProjectConfigurationPlatforms) = postSolution
		{2C46CF0B-34B9-4544-9969-9E79D69AB081}.Debug|Any CPU.ActiveCfg = Debug|Any CPU
		{2C46CF0B-34B9-4544-9969-9E79D69AB081}.Debug|Any CPU.Build.0 = Debug|Any CPU
		{2C46CF0B-34B9-4544-9969-9E79D69AB081}.Release|Any CPU.ActiveCfg = Release|Any CPU
		{2C46CF0B-34B9-4544-9969-9E79D69AB081}.Release|Any CPU.Build.0 = Release|Any CPU
	EndGlobalSection
	GlobalSection(SolutionProperties) = preSolution
		HideSolutionNode = FALSE
	EndGlobalSection
	GlobalSection(ExtensibilityGlobals) = postSolution
		SolutionGuid = {B3E5E28A-BF24-46B2-B41C-12AEDC8F9AEF}
	EndGlobalSection
EndGlobal
